// !$*UTF8*$!
{
	archiveVersion = 1;
	classes = {
	};
	objectVersion = 46;
	objects = {

/* Begin PBXBuildFile section */
		123636761A9FD02E009548B1 /* main.m in Sources */ = {isa = PBXBuildFile; fileRef = 123636751A9FD02E009548B1 /* main.m */; };
		123636791A9FD02E009548B1 /* AppDelegate.m in Sources */ = {isa = PBXBuildFile; fileRef = 123636781A9FD02E009548B1 /* AppDelegate.m */; };
		1236367C1A9FD02E009548B1 /* ViewController.m in Sources */ = {isa = PBXBuildFile; fileRef = 1236367B1A9FD02E009548B1 /* ViewController.m */; };
		123636811A9FD02E009548B1 /* Images.xcassets in Resources */ = {isa = PBXBuildFile; fileRef = 123636801A9FD02E009548B1 /* Images.xcassets */; };
		123636841A9FD02E009548B1 /* LaunchScreen.xib in Resources */ = {isa = PBXBuildFile; fileRef = 123636821A9FD02E009548B1 /* LaunchScreen.xib */; };
		123636901A9FD02E009548B1 /* BlocstagramTests.m in Sources */ = {isa = PBXBuildFile; fileRef = 1236368F1A9FD02E009548B1 /* BlocstagramTests.m */; };
		124C73A71AE56EBB000BB2F3 /* CircleSpinnerView.m in Sources */ = {isa = PBXBuildFile; fileRef = 124C73A61AE56EBB000BB2F3 /* CircleSpinnerView.m */; };
		124C73AA1AE56FED000BB2F3 /* LikeButton.m in Sources */ = {isa = PBXBuildFile; fileRef = 124C73A91AE56FED000BB2F3 /* LikeButton.m */; };
		124C73AD1AE58285000BB2F3 /* ComposeCommentView.m in Sources */ = {isa = PBXBuildFile; fileRef = 124C73AC1AE58285000BB2F3 /* ComposeCommentView.m */; };
		124C73B01AE59A10000BB2F3 /* CameraToolbar.m in Sources */ = {isa = PBXBuildFile; fileRef = 124C73AF1AE59A10000BB2F3 /* CameraToolbar.m */; };
		124C73B31AE59AE3000BB2F3 /* CameraViewController.m in Sources */ = {isa = PBXBuildFile; fileRef = 124C73B21AE59AE3000BB2F3 /* CameraViewController.m */; };
		124C73B61AE59E07000BB2F3 /* UIImage+ImageUtilities.m in Sources */ = {isa = PBXBuildFile; fileRef = 124C73B51AE59E07000BB2F3 /* UIImage+ImageUtilities.m */; };
		124C73B91AE5AA49000BB2F3 /* CropBox.m in Sources */ = {isa = PBXBuildFile; fileRef = 124C73B81AE5AA49000BB2F3 /* CropBox.m */; };
		124C73BC1AE5AE30000BB2F3 /* CropImageViewController.m in Sources */ = {isa = PBXBuildFile; fileRef = 124C73BB1AE5AE30000BB2F3 /* CropImageViewController.m */; };
		124C73C21AE5D1F6000BB2F3 /* ImageLibraryViewController.m in Sources */ = {isa = PBXBuildFile; fileRef = 124C73C11AE5D1F6000BB2F3 /* ImageLibraryViewController.m */; };
		124C73C51AE5DCD1000BB2F3 /* PostToInstagramViewController.m in Sources */ = {isa = PBXBuildFile; fileRef = 124C73C41AE5DCD1000BB2F3 /* PostToInstagramViewController.m */; };
		124C73C81AE6008C000BB2F3 /* PostToInstagramCollectionViewCell.m in Sources */ = {isa = PBXBuildFile; fileRef = 124C73C71AE6008C000BB2F3 /* PostToInstagramCollectionViewCell.m */; };
		127042FE1AA7F30C008F94B8 /* MediaTableViewCell.m in Sources */ = {isa = PBXBuildFile; fileRef = 127042FD1AA7F30C008F94B8 /* MediaTableViewCell.m */; };
		127A200C1ACA2123000C78F4 /* MediaFullScreenAnimator.m in Sources */ = {isa = PBXBuildFile; fileRef = 127A200B1ACA2123000C78F4 /* MediaFullScreenAnimator.m */; };
		12826D2D1AC8BE4900560CDF /* MediaFullScreenViewController.m in Sources */ = {isa = PBXBuildFile; fileRef = 12826D2C1AC8BE4900560CDF /* MediaFullScreenViewController.m */; };
		128745441AA1407E0066E1D3 /* 1.jpg in Resources */ = {isa = PBXBuildFile; fileRef = 1287453A1AA1407E0066E1D3 /* 1.jpg */; };
		128745451AA1407E0066E1D3 /* 2.jpg in Resources */ = {isa = PBXBuildFile; fileRef = 1287453B1AA1407E0066E1D3 /* 2.jpg */; };
		128745461AA1407E0066E1D3 /* 3.jpg in Resources */ = {isa = PBXBuildFile; fileRef = 1287453C1AA1407E0066E1D3 /* 3.jpg */; };
		128745471AA1407E0066E1D3 /* 4.jpg in Resources */ = {isa = PBXBuildFile; fileRef = 1287453D1AA1407E0066E1D3 /* 4.jpg */; };
		128745481AA1407E0066E1D3 /* 5.jpg in Resources */ = {isa = PBXBuildFile; fileRef = 1287453E1AA1407E0066E1D3 /* 5.jpg */; };
		128745491AA1407E0066E1D3 /* 6.jpg in Resources */ = {isa = PBXBuildFile; fileRef = 1287453F1AA1407E0066E1D3 /* 6.jpg */; };
		1287454A1AA1407E0066E1D3 /* 7.jpg in Resources */ = {isa = PBXBuildFile; fileRef = 128745401AA1407E0066E1D3 /* 7.jpg */; };
		1287454B1AA1407E0066E1D3 /* 8.jpg in Resources */ = {isa = PBXBuildFile; fileRef = 128745411AA1407E0066E1D3 /* 8.jpg */; };
		1287454C1AA1407E0066E1D3 /* 9.jpg in Resources */ = {isa = PBXBuildFile; fileRef = 128745421AA1407E0066E1D3 /* 9.jpg */; };
		1287454D1AA1407E0066E1D3 /* 10.jpg in Resources */ = {isa = PBXBuildFile; fileRef = 128745431AA1407E0066E1D3 /* 10.jpg */; };
		128745511AA1416D0066E1D3 /* ImagesTableViewController.m in Sources */ = {isa = PBXBuildFile; fileRef = 128745501AA1416D0066E1D3 /* ImagesTableViewController.m */; };
		128745541AA27FD90066E1D3 /* User.m in Sources */ = {isa = PBXBuildFile; fileRef = 128745531AA27FD90066E1D3 /* User.m */; };
		128745571AA280EC0066E1D3 /* Media.m in Sources */ = {isa = PBXBuildFile; fileRef = 128745561AA280EC0066E1D3 /* Media.m */; };
		1287455A1AA282750066E1D3 /* Comment.m in Sources */ = {isa = PBXBuildFile; fileRef = 128745591AA282750066E1D3 /* Comment.m */; };
		1287455D1AA283570066E1D3 /* DataSource.m in Sources */ = {isa = PBXBuildFile; fileRef = 1287455C1AA283570066E1D3 /* DataSource.m */; };
		12CC43831ABBAEBF00CE6B88 /* LoginViewController.m in Sources */ = {isa = PBXBuildFile; fileRef = 12CC43821ABBAEBF00CE6B88 /* LoginViewController.m */; };
		28C9D997501CD653959043B5 /* libPods.a in Frameworks */ = {isa = PBXBuildFile; fileRef = 576BDFDDBA855BA9537535ED /* libPods.a */; };
/* End PBXBuildFile section */

/* Begin PBXContainerItemProxy section */
		1236368A1A9FD02E009548B1 /* PBXContainerItemProxy */ = {
			isa = PBXContainerItemProxy;
			containerPortal = 123636681A9FD02E009548B1 /* Project object */;
			proxyType = 1;
			remoteGlobalIDString = 1236366F1A9FD02E009548B1;
			remoteInfo = Blocstagram;
		};
/* End PBXContainerItemProxy section */

/* Begin PBXFileReference section */
		123636701A9FD02E009548B1 /* Blocstagram.app */ = {isa = PBXFileReference; explicitFileType = wrapper.application; includeInIndex = 0; path = Blocstagram.app; sourceTree = BUILT_PRODUCTS_DIR; };
		123636741A9FD02E009548B1 /* Info.plist */ = {isa = PBXFileReference; lastKnownFileType = text.plist.xml; path = Info.plist; sourceTree = "<group>"; };
		123636751A9FD02E009548B1 /* main.m */ = {isa = PBXFileReference; lastKnownFileType = sourcecode.c.objc; path = main.m; sourceTree = "<group>"; };
		123636771A9FD02E009548B1 /* AppDelegate.h */ = {isa = PBXFileReference; lastKnownFileType = sourcecode.c.h; path = AppDelegate.h; sourceTree = "<group>"; };
		123636781A9FD02E009548B1 /* AppDelegate.m */ = {isa = PBXFileReference; lastKnownFileType = sourcecode.c.objc; path = AppDelegate.m; sourceTree = "<group>"; };
		1236367A1A9FD02E009548B1 /* ViewController.h */ = {isa = PBXFileReference; lastKnownFileType = sourcecode.c.h; path = ViewController.h; sourceTree = "<group>"; };
		1236367B1A9FD02E009548B1 /* ViewController.m */ = {isa = PBXFileReference; lastKnownFileType = sourcecode.c.objc; path = ViewController.m; sourceTree = "<group>"; };
		123636801A9FD02E009548B1 /* Images.xcassets */ = {isa = PBXFileReference; lastKnownFileType = folder.assetcatalog; path = Images.xcassets; sourceTree = "<group>"; };
		123636831A9FD02E009548B1 /* Base */ = {isa = PBXFileReference; lastKnownFileType = file.xib; name = Base; path = Base.lproj/LaunchScreen.xib; sourceTree = "<group>"; };
		123636891A9FD02E009548B1 /* BlocstagramTests.xctest */ = {isa = PBXFileReference; explicitFileType = wrapper.cfbundle; includeInIndex = 0; path = BlocstagramTests.xctest; sourceTree = BUILT_PRODUCTS_DIR; };
		1236368E1A9FD02E009548B1 /* Info.plist */ = {isa = PBXFileReference; lastKnownFileType = text.plist.xml; path = Info.plist; sourceTree = "<group>"; };
		1236368F1A9FD02E009548B1 /* BlocstagramTests.m */ = {isa = PBXFileReference; lastKnownFileType = sourcecode.c.objc; path = BlocstagramTests.m; sourceTree = "<group>"; };
		124C73A51AE56EBB000BB2F3 /* CircleSpinnerView.h */ = {isa = PBXFileReference; fileEncoding = 4; lastKnownFileType = sourcecode.c.h; path = CircleSpinnerView.h; sourceTree = "<group>"; };
		124C73A61AE56EBB000BB2F3 /* CircleSpinnerView.m */ = {isa = PBXFileReference; fileEncoding = 4; lastKnownFileType = sourcecode.c.objc; path = CircleSpinnerView.m; sourceTree = "<group>"; };
		124C73A81AE56FED000BB2F3 /* LikeButton.h */ = {isa = PBXFileReference; fileEncoding = 4; lastKnownFileType = sourcecode.c.h; path = LikeButton.h; sourceTree = "<group>"; };
		124C73A91AE56FED000BB2F3 /* LikeButton.m */ = {isa = PBXFileReference; fileEncoding = 4; lastKnownFileType = sourcecode.c.objc; path = LikeButton.m; sourceTree = "<group>"; };
		124C73AB1AE58285000BB2F3 /* ComposeCommentView.h */ = {isa = PBXFileReference; fileEncoding = 4; lastKnownFileType = sourcecode.c.h; path = ComposeCommentView.h; sourceTree = "<group>"; };
		124C73AC1AE58285000BB2F3 /* ComposeCommentView.m */ = {isa = PBXFileReference; fileEncoding = 4; lastKnownFileType = sourcecode.c.objc; path = ComposeCommentView.m; sourceTree = "<group>"; };
		124C73AE1AE59A10000BB2F3 /* CameraToolbar.h */ = {isa = PBXFileReference; fileEncoding = 4; lastKnownFileType = sourcecode.c.h; path = CameraToolbar.h; sourceTree = "<group>"; };
		124C73AF1AE59A10000BB2F3 /* CameraToolbar.m */ = {isa = PBXFileReference; fileEncoding = 4; lastKnownFileType = sourcecode.c.objc; path = CameraToolbar.m; sourceTree = "<group>"; };
		124C73B11AE59AE3000BB2F3 /* CameraViewController.h */ = {isa = PBXFileReference; fileEncoding = 4; lastKnownFileType = sourcecode.c.h; path = CameraViewController.h; sourceTree = "<group>"; };
		124C73B21AE59AE3000BB2F3 /* CameraViewController.m */ = {isa = PBXFileReference; fileEncoding = 4; lastKnownFileType = sourcecode.c.objc; path = CameraViewController.m; sourceTree = "<group>"; };
		124C73B41AE59E07000BB2F3 /* UIImage+ImageUtilities.h */ = {isa = PBXFileReference; fileEncoding = 4; lastKnownFileType = sourcecode.c.h; path = "UIImage+ImageUtilities.h"; sourceTree = "<group>"; };
		124C73B51AE59E07000BB2F3 /* UIImage+ImageUtilities.m */ = {isa = PBXFileReference; fileEncoding = 4; lastKnownFileType = sourcecode.c.objc; path = "UIImage+ImageUtilities.m"; sourceTree = "<group>"; };
		124C73B71AE5AA49000BB2F3 /* CropBox.h */ = {isa = PBXFileReference; fileEncoding = 4; lastKnownFileType = sourcecode.c.h; path = CropBox.h; sourceTree = "<group>"; };
		124C73B81AE5AA49000BB2F3 /* CropBox.m */ = {isa = PBXFileReference; fileEncoding = 4; lastKnownFileType = sourcecode.c.objc; path = CropBox.m; sourceTree = "<group>"; };
		124C73BA1AE5AE30000BB2F3 /* CropImageViewController.h */ = {isa = PBXFileReference; fileEncoding = 4; lastKnownFileType = sourcecode.c.h; path = CropImageViewController.h; sourceTree = "<group>"; };
		124C73BB1AE5AE30000BB2F3 /* CropImageViewController.m */ = {isa = PBXFileReference; fileEncoding = 4; lastKnownFileType = sourcecode.c.objc; path = CropImageViewController.m; sourceTree = "<group>"; };
		124C73C01AE5D1F6000BB2F3 /* ImageLibraryViewController.h */ = {isa = PBXFileReference; fileEncoding = 4; lastKnownFileType = sourcecode.c.h; path = ImageLibraryViewController.h; sourceTree = "<group>"; };
		124C73C11AE5D1F6000BB2F3 /* ImageLibraryViewController.m */ = {isa = PBXFileReference; fileEncoding = 4; lastKnownFileType = sourcecode.c.objc; path = ImageLibraryViewController.m; sourceTree = "<group>"; };
		124C73C31AE5DCD1000BB2F3 /* PostToInstagramViewController.h */ = {isa = PBXFileReference; fileEncoding = 4; lastKnownFileType = sourcecode.c.h; path = PostToInstagramViewController.h; sourceTree = "<group>"; };
		124C73C41AE5DCD1000BB2F3 /* PostToInstagramViewController.m */ = {isa = PBXFileReference; fileEncoding = 4; lastKnownFileType = sourcecode.c.objc; path = PostToInstagramViewController.m; sourceTree = "<group>"; };
		124C73C61AE6008C000BB2F3 /* PostToInstagramCollectionViewCell.h */ = {isa = PBXFileReference; fileEncoding = 4; lastKnownFileType = sourcecode.c.h; path = PostToInstagramCollectionViewCell.h; sourceTree = "<group>"; };
		124C73C71AE6008C000BB2F3 /* PostToInstagramCollectionViewCell.m */ = {isa = PBXFileReference; fileEncoding = 4; lastKnownFileType = sourcecode.c.objc; path = PostToInstagramCollectionViewCell.m; sourceTree = "<group>"; };
		125ED3831AE9995500A76C5B /* Blocstagram-Prefix.pch */ = {isa = PBXFileReference; lastKnownFileType = sourcecode.c.h; path = "Blocstagram-Prefix.pch"; sourceTree = "<group>"; };
		127042FC1AA7F30C008F94B8 /* MediaTableViewCell.h */ = {isa = PBXFileReference; fileEncoding = 4; lastKnownFileType = sourcecode.c.h; path = MediaTableViewCell.h; sourceTree = "<group>"; };
		127042FD1AA7F30C008F94B8 /* MediaTableViewCell.m */ = {isa = PBXFileReference; fileEncoding = 4; lastKnownFileType = sourcecode.c.objc; path = MediaTableViewCell.m; sourceTree = "<group>"; };
		127A200A1ACA2123000C78F4 /* MediaFullScreenAnimator.h */ = {isa = PBXFileReference; fileEncoding = 4; lastKnownFileType = sourcecode.c.h; path = MediaFullScreenAnimator.h; sourceTree = "<group>"; };
		127A200B1ACA2123000C78F4 /* MediaFullScreenAnimator.m */ = {isa = PBXFileReference; fileEncoding = 4; lastKnownFileType = sourcecode.c.objc; path = MediaFullScreenAnimator.m; sourceTree = "<group>"; };
		12826D2B1AC8BE4900560CDF /* MediaFullScreenViewController.h */ = {isa = PBXFileReference; fileEncoding = 4; lastKnownFileType = sourcecode.c.h; path = MediaFullScreenViewController.h; sourceTree = "<group>"; };
		12826D2C1AC8BE4900560CDF /* MediaFullScreenViewController.m */ = {isa = PBXFileReference; fileEncoding = 4; lastKnownFileType = sourcecode.c.objc; path = MediaFullScreenViewController.m; sourceTree = "<group>"; };
		1287453A1AA1407E0066E1D3 /* 1.jpg */ = {isa = PBXFileReference; lastKnownFileType = image.jpeg; path = 1.jpg; sourceTree = "<group>"; };
		1287453B1AA1407E0066E1D3 /* 2.jpg */ = {isa = PBXFileReference; lastKnownFileType = image.jpeg; path = 2.jpg; sourceTree = "<group>"; };
		1287453C1AA1407E0066E1D3 /* 3.jpg */ = {isa = PBXFileReference; lastKnownFileType = image.jpeg; path = 3.jpg; sourceTree = "<group>"; };
		1287453D1AA1407E0066E1D3 /* 4.jpg */ = {isa = PBXFileReference; lastKnownFileType = image.jpeg; path = 4.jpg; sourceTree = "<group>"; };
		1287453E1AA1407E0066E1D3 /* 5.jpg */ = {isa = PBXFileReference; lastKnownFileType = image.jpeg; path = 5.jpg; sourceTree = "<group>"; };
		1287453F1AA1407E0066E1D3 /* 6.jpg */ = {isa = PBXFileReference; lastKnownFileType = image.jpeg; path = 6.jpg; sourceTree = "<group>"; };
		128745401AA1407E0066E1D3 /* 7.jpg */ = {isa = PBXFileReference; lastKnownFileType = image.jpeg; path = 7.jpg; sourceTree = "<group>"; };
		128745411AA1407E0066E1D3 /* 8.jpg */ = {isa = PBXFileReference; lastKnownFileType = image.jpeg; path = 8.jpg; sourceTree = "<group>"; };
		128745421AA1407E0066E1D3 /* 9.jpg */ = {isa = PBXFileReference; lastKnownFileType = image.jpeg; path = 9.jpg; sourceTree = "<group>"; };
		128745431AA1407E0066E1D3 /* 10.jpg */ = {isa = PBXFileReference; lastKnownFileType = image.jpeg; path = 10.jpg; sourceTree = "<group>"; };
		1287454F1AA1416D0066E1D3 /* ImagesTableViewController.h */ = {isa = PBXFileReference; fileEncoding = 4; lastKnownFileType = sourcecode.c.h; path = ImagesTableViewController.h; sourceTree = "<group>"; };
		128745501AA1416D0066E1D3 /* ImagesTableViewController.m */ = {isa = PBXFileReference; fileEncoding = 4; lastKnownFileType = sourcecode.c.objc; path = ImagesTableViewController.m; sourceTree = "<group>"; };
		128745521AA27FD90066E1D3 /* User.h */ = {isa = PBXFileReference; fileEncoding = 4; lastKnownFileType = sourcecode.c.h; path = User.h; sourceTree = "<group>"; };
		128745531AA27FD90066E1D3 /* User.m */ = {isa = PBXFileReference; fileEncoding = 4; lastKnownFileType = sourcecode.c.objc; path = User.m; sourceTree = "<group>"; };
		128745551AA280EC0066E1D3 /* Media.h */ = {isa = PBXFileReference; fileEncoding = 4; lastKnownFileType = sourcecode.c.h; path = Media.h; sourceTree = "<group>"; };
		128745561AA280EC0066E1D3 /* Media.m */ = {isa = PBXFileReference; fileEncoding = 4; lastKnownFileType = sourcecode.c.objc; path = Media.m; sourceTree = "<group>"; };
		128745581AA282750066E1D3 /* Comment.h */ = {isa = PBXFileReference; fileEncoding = 4; lastKnownFileType = sourcecode.c.h; path = Comment.h; sourceTree = "<group>"; };
		128745591AA282750066E1D3 /* Comment.m */ = {isa = PBXFileReference; fileEncoding = 4; lastKnownFileType = sourcecode.c.objc; path = Comment.m; sourceTree = "<group>"; };
		1287455B1AA283570066E1D3 /* DataSource.h */ = {isa = PBXFileReference; fileEncoding = 4; lastKnownFileType = sourcecode.c.h; path = DataSource.h; sourceTree = "<group>"; };
		1287455C1AA283570066E1D3 /* DataSource.m */ = {isa = PBXFileReference; fileEncoding = 4; lastKnownFileType = sourcecode.c.objc; path = DataSource.m; sourceTree = "<group>"; };
		12CC43811ABBAEBF00CE6B88 /* LoginViewController.h */ = {isa = PBXFileReference; fileEncoding = 4; lastKnownFileType = sourcecode.c.h; path = LoginViewController.h; sourceTree = "<group>"; };
		12CC43821ABBAEBF00CE6B88 /* LoginViewController.m */ = {isa = PBXFileReference; fileEncoding = 4; lastKnownFileType = sourcecode.c.objc; path = LoginViewController.m; sourceTree = "<group>"; };
		576BDFDDBA855BA9537535ED /* libPods.a */ = {isa = PBXFileReference; explicitFileType = archive.ar; includeInIndex = 0; path = libPods.a; sourceTree = BUILT_PRODUCTS_DIR; };
		8FF0A01D14CE523579183A7B /* Pods.debug.xcconfig */ = {isa = PBXFileReference; includeInIndex = 1; lastKnownFileType = text.xcconfig; name = Pods.debug.xcconfig; path = "Pods/Target Support Files/Pods/Pods.debug.xcconfig"; sourceTree = "<group>"; };
		B21883307796350DD00448EC /* Pods.release.xcconfig */ = {isa = PBXFileReference; includeInIndex = 1; lastKnownFileType = text.xcconfig; name = Pods.release.xcconfig; path = "Pods/Target Support Files/Pods/Pods.release.xcconfig"; sourceTree = "<group>"; };
/* End PBXFileReference section */

/* Begin PBXFrameworksBuildPhase section */
		1236366D1A9FD02E009548B1 /* Frameworks */ = {
			isa = PBXFrameworksBuildPhase;
			buildActionMask = 2147483647;
			files = (
				28C9D997501CD653959043B5 /* libPods.a in Frameworks */,
			);
			runOnlyForDeploymentPostprocessing = 0;
		};
		123636861A9FD02E009548B1 /* Frameworks */ = {
			isa = PBXFrameworksBuildPhase;
			buildActionMask = 2147483647;
			files = (
			);
			runOnlyForDeploymentPostprocessing = 0;
		};
/* End PBXFrameworksBuildPhase section */

/* Begin PBXGroup section */
		123636671A9FD02E009548B1 = {
			isa = PBXGroup;
			children = (
				123636721A9FD02E009548B1 /* Blocstagram */,
				1236368C1A9FD02E009548B1 /* BlocstagramTests */,
				123636711A9FD02E009548B1 /* Products */,
				6056A8D2AB159C8299BB9034 /* Pods */,
				F110B8A1B88CF91B0EC7EFC2 /* Frameworks */,
			);
			sourceTree = "<group>";
		};
		123636711A9FD02E009548B1 /* Products */ = {
			isa = PBXGroup;
			children = (
				123636701A9FD02E009548B1 /* Blocstagram.app */,
				123636891A9FD02E009548B1 /* BlocstagramTests.xctest */,
			);
			name = Products;
			sourceTree = "<group>";
		};
		123636721A9FD02E009548B1 /* Blocstagram */ = {
			isa = PBXGroup;
			children = (
				128745391AA140250066E1D3 /* Images */,
				123636771A9FD02E009548B1 /* AppDelegate.h */,
				123636781A9FD02E009548B1 /* AppDelegate.m */,
				1236367A1A9FD02E009548B1 /* ViewController.h */,
				1236367B1A9FD02E009548B1 /* ViewController.m */,
				123636801A9FD02E009548B1 /* Images.xcassets */,
				123636821A9FD02E009548B1 /* LaunchScreen.xib */,
				123636731A9FD02E009548B1 /* Supporting Files */,
				1287454F1AA1416D0066E1D3 /* ImagesTableViewController.h */,
				128745501AA1416D0066E1D3 /* ImagesTableViewController.m */,
				128745521AA27FD90066E1D3 /* User.h */,
				128745531AA27FD90066E1D3 /* User.m */,
				128745551AA280EC0066E1D3 /* Media.h */,
				128745561AA280EC0066E1D3 /* Media.m */,
				128745581AA282750066E1D3 /* Comment.h */,
				128745591AA282750066E1D3 /* Comment.m */,
				1287455B1AA283570066E1D3 /* DataSource.h */,
				1287455C1AA283570066E1D3 /* DataSource.m */,
				127042FC1AA7F30C008F94B8 /* MediaTableViewCell.h */,
				127042FD1AA7F30C008F94B8 /* MediaTableViewCell.m */,
				12CC43811ABBAEBF00CE6B88 /* LoginViewController.h */,
				12CC43821ABBAEBF00CE6B88 /* LoginViewController.m */,
				12826D2B1AC8BE4900560CDF /* MediaFullScreenViewController.h */,
				12826D2C1AC8BE4900560CDF /* MediaFullScreenViewController.m */,
				127A200A1ACA2123000C78F4 /* MediaFullScreenAnimator.h */,
				127A200B1ACA2123000C78F4 /* MediaFullScreenAnimator.m */,
				124C73A51AE56EBB000BB2F3 /* CircleSpinnerView.h */,
				124C73A61AE56EBB000BB2F3 /* CircleSpinnerView.m */,
				124C73A81AE56FED000BB2F3 /* LikeButton.h */,
				124C73A91AE56FED000BB2F3 /* LikeButton.m */,
				124C73AB1AE58285000BB2F3 /* ComposeCommentView.h */,
				124C73AC1AE58285000BB2F3 /* ComposeCommentView.m */,
				124C73AE1AE59A10000BB2F3 /* CameraToolbar.h */,
				124C73AF1AE59A10000BB2F3 /* CameraToolbar.m */,
				124C73B11AE59AE3000BB2F3 /* CameraViewController.h */,
				124C73B21AE59AE3000BB2F3 /* CameraViewController.m */,
				124C73B41AE59E07000BB2F3 /* UIImage+ImageUtilities.h */,
				124C73B51AE59E07000BB2F3 /* UIImage+ImageUtilities.m */,
				124C73B71AE5AA49000BB2F3 /* CropBox.h */,
				124C73B81AE5AA49000BB2F3 /* CropBox.m */,
				124C73BA1AE5AE30000BB2F3 /* CropImageViewController.h */,
				124C73BB1AE5AE30000BB2F3 /* CropImageViewController.m */,
				124C73C01AE5D1F6000BB2F3 /* ImageLibraryViewController.h */,
				124C73C11AE5D1F6000BB2F3 /* ImageLibraryViewController.m */,
				124C73C31AE5DCD1000BB2F3 /* PostToInstagramViewController.h */,
				124C73C41AE5DCD1000BB2F3 /* PostToInstagramViewController.m */,
				124C73C61AE6008C000BB2F3 /* PostToInstagramCollectionViewCell.h */,
				124C73C71AE6008C000BB2F3 /* PostToInstagramCollectionViewCell.m */,
				125ED3831AE9995500A76C5B /* Blocstagram-Prefix.pch */,
			);
			path = Blocstagram;
			sourceTree = "<group>";
		};
		123636731A9FD02E009548B1 /* Supporting Files */ = {
			isa = PBXGroup;
			children = (
				123636741A9FD02E009548B1 /* Info.plist */,
				123636751A9FD02E009548B1 /* main.m */,
			);
			name = "Supporting Files";
			sourceTree = "<group>";
		};
		1236368C1A9FD02E009548B1 /* BlocstagramTests */ = {
			isa = PBXGroup;
			children = (
				1236368F1A9FD02E009548B1 /* BlocstagramTests.m */,
				1236368D1A9FD02E009548B1 /* Supporting Files */,
			);
			path = BlocstagramTests;
			sourceTree = "<group>";
		};
		1236368D1A9FD02E009548B1 /* Supporting Files */ = {
			isa = PBXGroup;
			children = (
				1236368E1A9FD02E009548B1 /* Info.plist */,
			);
			name = "Supporting Files";
			sourceTree = "<group>";
		};
		128745391AA140250066E1D3 /* Images */ = {
			isa = PBXGroup;
			children = (
				1287453A1AA1407E0066E1D3 /* 1.jpg */,
				1287453B1AA1407E0066E1D3 /* 2.jpg */,
				1287453C1AA1407E0066E1D3 /* 3.jpg */,
				1287453D1AA1407E0066E1D3 /* 4.jpg */,
				1287453E1AA1407E0066E1D3 /* 5.jpg */,
				1287453F1AA1407E0066E1D3 /* 6.jpg */,
				128745401AA1407E0066E1D3 /* 7.jpg */,
				128745411AA1407E0066E1D3 /* 8.jpg */,
				128745421AA1407E0066E1D3 /* 9.jpg */,
				128745431AA1407E0066E1D3 /* 10.jpg */,
			);
			name = Images;
			sourceTree = "<group>";
		};
		6056A8D2AB159C8299BB9034 /* Pods */ = {
			isa = PBXGroup;
			children = (
				8FF0A01D14CE523579183A7B /* Pods.debug.xcconfig */,
				B21883307796350DD00448EC /* Pods.release.xcconfig */,
			);
			name = Pods;
			sourceTree = "<group>";
		};
		F110B8A1B88CF91B0EC7EFC2 /* Frameworks */ = {
			isa = PBXGroup;
			children = (
				576BDFDDBA855BA9537535ED /* libPods.a */,
			);
			name = Frameworks;
			sourceTree = "<group>";
		};
/* End PBXGroup section */

/* Begin PBXNativeTarget section */
		1236366F1A9FD02E009548B1 /* Blocstagram */ = {
			isa = PBXNativeTarget;
			buildConfigurationList = 123636931A9FD02E009548B1 /* Build configuration list for PBXNativeTarget "Blocstagram" */;
			buildPhases = (
				9DC00B202B2C15F48700295C /* Check Pods Manifest.lock */,
				1236366C1A9FD02E009548B1 /* Sources */,
				1236366D1A9FD02E009548B1 /* Frameworks */,
				1236366E1A9FD02E009548B1 /* Resources */,
				CA472859C33EEF72025BD2A1 /* Copy Pods Resources */,
			);
			buildRules = (
			);
			dependencies = (
			);
			name = Blocstagram;
			productName = Blocstagram;
			productReference = 123636701A9FD02E009548B1 /* Blocstagram.app */;
			productType = "com.apple.product-type.application";
		};
		123636881A9FD02E009548B1 /* BlocstagramTests */ = {
			isa = PBXNativeTarget;
			buildConfigurationList = 123636961A9FD02E009548B1 /* Build configuration list for PBXNativeTarget "BlocstagramTests" */;
			buildPhases = (
				123636851A9FD02E009548B1 /* Sources */,
				123636861A9FD02E009548B1 /* Frameworks */,
				123636871A9FD02E009548B1 /* Resources */,
			);
			buildRules = (
			);
			dependencies = (
				1236368B1A9FD02E009548B1 /* PBXTargetDependency */,
			);
			name = BlocstagramTests;
			productName = BlocstagramTests;
			productReference = 123636891A9FD02E009548B1 /* BlocstagramTests.xctest */;
			productType = "com.apple.product-type.bundle.unit-test";
		};
/* End PBXNativeTarget section */

/* Begin PBXProject section */
		123636681A9FD02E009548B1 /* Project object */ = {
			isa = PBXProject;
			attributes = {
				LastUpgradeCheck = 0610;
				ORGANIZATIONNAME = Bloc;
				TargetAttributes = {
					1236366F1A9FD02E009548B1 = {
						CreatedOnToolsVersion = 6.1.1;
					};
					123636881A9FD02E009548B1 = {
						CreatedOnToolsVersion = 6.1.1;
						TestTargetID = 1236366F1A9FD02E009548B1;
					};
				};
			};
			buildConfigurationList = 1236366B1A9FD02E009548B1 /* Build configuration list for PBXProject "Blocstagram" */;
			compatibilityVersion = "Xcode 3.2";
			developmentRegion = English;
			hasScannedForEncodings = 0;
			knownRegions = (
				en,
				Base,
			);
			mainGroup = 123636671A9FD02E009548B1;
			productRefGroup = 123636711A9FD02E009548B1 /* Products */;
			projectDirPath = "";
			projectRoot = "";
			targets = (
				1236366F1A9FD02E009548B1 /* Blocstagram */,
				123636881A9FD02E009548B1 /* BlocstagramTests */,
			);
		};
/* End PBXProject section */

/* Begin PBXResourcesBuildPhase section */
		1236366E1A9FD02E009548B1 /* Resources */ = {
			isa = PBXResourcesBuildPhase;
			buildActionMask = 2147483647;
			files = (
				1287454C1AA1407E0066E1D3 /* 9.jpg in Resources */,
				1287454B1AA1407E0066E1D3 /* 8.jpg in Resources */,
				128745471AA1407E0066E1D3 /* 4.jpg in Resources */,
				128745461AA1407E0066E1D3 /* 3.jpg in Resources */,
				128745491AA1407E0066E1D3 /* 6.jpg in Resources */,
				128745441AA1407E0066E1D3 /* 1.jpg in Resources */,
				123636841A9FD02E009548B1 /* LaunchScreen.xib in Resources */,
				128745481AA1407E0066E1D3 /* 5.jpg in Resources */,
				1287454A1AA1407E0066E1D3 /* 7.jpg in Resources */,
				128745451AA1407E0066E1D3 /* 2.jpg in Resources */,
				1287454D1AA1407E0066E1D3 /* 10.jpg in Resources */,
				123636811A9FD02E009548B1 /* Images.xcassets in Resources */,
			);
			runOnlyForDeploymentPostprocessing = 0;
		};
		123636871A9FD02E009548B1 /* Resources */ = {
			isa = PBXResourcesBuildPhase;
			buildActionMask = 2147483647;
			files = (
			);
			runOnlyForDeploymentPostprocessing = 0;
		};
/* End PBXResourcesBuildPhase section */

/* Begin PBXShellScriptBuildPhase section */
		9DC00B202B2C15F48700295C /* Check Pods Manifest.lock */ = {
			isa = PBXShellScriptBuildPhase;
			buildActionMask = 2147483647;
			files = (
			);
			inputPaths = (
			);
			name = "Check Pods Manifest.lock";
			outputPaths = (
			);
			runOnlyForDeploymentPostprocessing = 0;
			shellPath = /bin/sh;
			shellScript = "diff \"${PODS_ROOT}/../Podfile.lock\" \"${PODS_ROOT}/Manifest.lock\" > /dev/null\nif [[ $? != 0 ]] ; then\n    cat << EOM\nerror: The sandbox is not in sync with the Podfile.lock. Run 'pod install' or update your CocoaPods installation.\nEOM\n    exit 1\nfi\n";
			showEnvVarsInLog = 0;
		};
		CA472859C33EEF72025BD2A1 /* Copy Pods Resources */ = {
			isa = PBXShellScriptBuildPhase;
			buildActionMask = 2147483647;
			files = (
			);
			inputPaths = (
			);
			name = "Copy Pods Resources";
			outputPaths = (
			);
			runOnlyForDeploymentPostprocessing = 0;
			shellPath = /bin/sh;
			shellScript = "\"${SRCROOT}/Pods/Target Support Files/Pods/Pods-resources.sh\"\n";
			showEnvVarsInLog = 0;
		};
/* End PBXShellScriptBuildPhase section */

/* Begin PBXSourcesBuildPhase section */
		1236366C1A9FD02E009548B1 /* Sources */ = {
			isa = PBXSourcesBuildPhase;
			buildActionMask = 2147483647;
			files = (
				124C73C21AE5D1F6000BB2F3 /* ImageLibraryViewController.m in Sources */,
				1287455A1AA282750066E1D3 /* Comment.m in Sources */,
				128745571AA280EC0066E1D3 /* Media.m in Sources */,
				127042FE1AA7F30C008F94B8 /* MediaTableViewCell.m in Sources */,
				124C73AD1AE58285000BB2F3 /* ComposeCommentView.m in Sources */,
				1287455D1AA283570066E1D3 /* DataSource.m in Sources */,
				12CC43831ABBAEBF00CE6B88 /* LoginViewController.m in Sources */,
				124C73B01AE59A10000BB2F3 /* CameraToolbar.m in Sources */,
				128745541AA27FD90066E1D3 /* User.m in Sources */,
				1236367C1A9FD02E009548B1 /* ViewController.m in Sources */,
				12826D2D1AC8BE4900560CDF /* MediaFullScreenViewController.m in Sources */,
				124C73B31AE59AE3000BB2F3 /* CameraViewController.m in Sources */,
				124C73AA1AE56FED000BB2F3 /* LikeButton.m in Sources */,
				124C73B61AE59E07000BB2F3 /* UIImage+ImageUtilities.m in Sources */,
				123636791A9FD02E009548B1 /* AppDelegate.m in Sources */,
				124C73C81AE6008C000BB2F3 /* PostToInstagramCollectionViewCell.m in Sources */,
				124C73BC1AE5AE30000BB2F3 /* CropImageViewController.m in Sources */,
				123636761A9FD02E009548B1 /* main.m in Sources */,
				127A200C1ACA2123000C78F4 /* MediaFullScreenAnimator.m in Sources */,
				124C73C51AE5DCD1000BB2F3 /* PostToInstagramViewController.m in Sources */,
				124C73A71AE56EBB000BB2F3 /* CircleSpinnerView.m in Sources */,
				128745511AA1416D0066E1D3 /* ImagesTableViewController.m in Sources */,
				124C73B91AE5AA49000BB2F3 /* CropBox.m in Sources */,
			);
			runOnlyForDeploymentPostprocessing = 0;
		};
		123636851A9FD02E009548B1 /* Sources */ = {
			isa = PBXSourcesBuildPhase;
			buildActionMask = 2147483647;
			files = (
				123636901A9FD02E009548B1 /* BlocstagramTests.m in Sources */,
			);
			runOnlyForDeploymentPostprocessing = 0;
		};
/* End PBXSourcesBuildPhase section */

/* Begin PBXTargetDependency section */
		1236368B1A9FD02E009548B1 /* PBXTargetDependency */ = {
			isa = PBXTargetDependency;
			target = 1236366F1A9FD02E009548B1 /* Blocstagram */;
			targetProxy = 1236368A1A9FD02E009548B1 /* PBXContainerItemProxy */;
		};
/* End PBXTargetDependency section */

/* Begin PBXVariantGroup section */
		123636821A9FD02E009548B1 /* LaunchScreen.xib */ = {
			isa = PBXVariantGroup;
			children = (
				123636831A9FD02E009548B1 /* Base */,
			);
			name = LaunchScreen.xib;
			sourceTree = "<group>";
		};
/* End PBXVariantGroup section */

/* Begin XCBuildConfiguration section */
		123636911A9FD02E009548B1 /* Debug */ = {
			isa = XCBuildConfiguration;
			buildSettings = {
				ALWAYS_SEARCH_USER_PATHS = NO;
				CLANG_CXX_LANGUAGE_STANDARD = "gnu++0x";
				CLANG_CXX_LIBRARY = "libc++";
				CLANG_ENABLE_MODULES = YES;
				CLANG_ENABLE_OBJC_ARC = YES;
				CLANG_WARN_BOOL_CONVERSION = YES;
				CLANG_WARN_CONSTANT_CONVERSION = YES;
				CLANG_WARN_DIRECT_OBJC_ISA_USAGE = YES_ERROR;
				CLANG_WARN_EMPTY_BODY = YES;
				CLANG_WARN_ENUM_CONVERSION = YES;
				CLANG_WARN_INT_CONVERSION = YES;
				CLANG_WARN_OBJC_ROOT_CLASS = YES_ERROR;
				CLANG_WARN_UNREACHABLE_CODE = YES;
				CLANG_WARN__DUPLICATE_METHOD_MATCH = YES;
				"CODE_SIGN_IDENTITY[sdk=iphoneos*]" = "iPhone Developer";
				COPY_PHASE_STRIP = NO;
				ENABLE_STRICT_OBJC_MSGSEND = YES;
				GCC_C_LANGUAGE_STANDARD = gnu99;
				GCC_DYNAMIC_NO_PIC = NO;
				GCC_OPTIMIZATION_LEVEL = 0;
				GCC_PREPROCESSOR_DEFINITIONS = (
					"DEBUG=1",
					"$(inherited)",
				);
				GCC_SYMBOLS_PRIVATE_EXTERN = NO;
				GCC_WARN_64_TO_32_BIT_CONVERSION = YES;
				GCC_WARN_ABOUT_RETURN_TYPE = YES_ERROR;
				GCC_WARN_UNDECLARED_SELECTOR = YES;
				GCC_WARN_UNINITIALIZED_AUTOS = YES_AGGRESSIVE;
				GCC_WARN_UNUSED_FUNCTION = YES;
				GCC_WARN_UNUSED_VARIABLE = YES;
				IPHONEOS_DEPLOYMENT_TARGET = 8.1;
				MTL_ENABLE_DEBUG_INFO = YES;
				ONLY_ACTIVE_ARCH = YES;
				SDKROOT = iphoneos;
				TARGETED_DEVICE_FAMILY = "1,2";
			};
			name = Debug;
		};
		123636921A9FD02E009548B1 /* Release */ = {
			isa = XCBuildConfiguration;
			buildSettings = {
				ALWAYS_SEARCH_USER_PATHS = NO;
				CLANG_CXX_LANGUAGE_STANDARD = "gnu++0x";
				CLANG_CXX_LIBRARY = "libc++";
				CLANG_ENABLE_MODULES = YES;
				CLANG_ENABLE_OBJC_ARC = YES;
				CLANG_WARN_BOOL_CONVERSION = YES;
				CLANG_WARN_CONSTANT_CONVERSION = YES;
				CLANG_WARN_DIRECT_OBJC_ISA_USAGE = YES_ERROR;
				CLANG_WARN_EMPTY_BODY = YES;
				CLANG_WARN_ENUM_CONVERSION = YES;
				CLANG_WARN_INT_CONVERSION = YES;
				CLANG_WARN_OBJC_ROOT_CLASS = YES_ERROR;
				CLANG_WARN_UNREACHABLE_CODE = YES;
				CLANG_WARN__DUPLICATE_METHOD_MATCH = YES;
				"CODE_SIGN_IDENTITY[sdk=iphoneos*]" = "iPhone Developer";
				COPY_PHASE_STRIP = YES;
				ENABLE_NS_ASSERTIONS = NO;
				ENABLE_STRICT_OBJC_MSGSEND = YES;
				GCC_C_LANGUAGE_STANDARD = gnu99;
				GCC_WARN_64_TO_32_BIT_CONVERSION = YES;
				GCC_WARN_ABOUT_RETURN_TYPE = YES_ERROR;
				GCC_WARN_UNDECLARED_SELECTOR = YES;
				GCC_WARN_UNINITIALIZED_AUTOS = YES_AGGRESSIVE;
				GCC_WARN_UNUSED_FUNCTION = YES;
				GCC_WARN_UNUSED_VARIABLE = YES;
				IPHONEOS_DEPLOYMENT_TARGET = 8.1;
				MTL_ENABLE_DEBUG_INFO = NO;
				SDKROOT = iphoneos;
				TARGETED_DEVICE_FAMILY = "1,2";
				VALIDATE_PRODUCT = YES;
			};
			name = Release;
		};
		123636941A9FD02E009548B1 /* Debug */ = {
			isa = XCBuildConfiguration;
			baseConfigurationReference = 8FF0A01D14CE523579183A7B /* Pods.debug.xcconfig */;
			buildSettings = {
				ASSETCATALOG_COMPILER_APPICON_NAME = AppIcon;
				GCC_PRECOMPILE_PREFIX_HEADER = YES;
				GCC_PREFIX_HEADER = "Blocstagram/Blocstagram-Prefix.pch";
				INFOPLIST_FILE = Blocstagram/Info.plist;
				LD_RUNPATH_SEARCH_PATHS = "$(inherited) @executable_path/Frameworks";
				PRODUCT_NAME = "$(TARGET_NAME)";
			};
			name = Debug;
		};
		123636951A9FD02E009548B1 /* Release */ = {
			isa = XCBuildConfiguration;
			baseConfigurationReference = B21883307796350DD00448EC /* Pods.release.xcconfig */;
			buildSettings = {
				ASSETCATALOG_COMPILER_APPICON_NAME = AppIcon;
				GCC_PRECOMPILE_PREFIX_HEADER = YES;
				GCC_PREFIX_HEADER = "Blocstagram/Blocstagram-Prefix.pch";
				INFOPLIST_FILE = Blocstagram/Info.plist;
				LD_RUNPATH_SEARCH_PATHS = "$(inherited) @executable_path/Frameworks";
				PRODUCT_NAME = "$(TARGET_NAME)";
			};
			name = Release;
		};
		123636971A9FD02E009548B1 /* Debug */ = {
			isa = XCBuildConfiguration;
			buildSettings = {
				BUNDLE_LOADER = "$(TEST_HOST)";
				FRAMEWORK_SEARCH_PATHS = (
					"$(SDKROOT)/Developer/Library/Frameworks",
					"$(inherited)",
				);
				GCC_PREPROCESSOR_DEFINITIONS = (
					"DEBUG=1",
					"$(inherited)",
				);
				INFOPLIST_FILE = BlocstagramTests/Info.plist;
				LD_RUNPATH_SEARCH_PATHS = "$(inherited) @executable_path/Frameworks @loader_path/Frameworks";
				PRODUCT_NAME = "$(TARGET_NAME)";
				TEST_HOST = "$(BUILT_PRODUCTS_DIR)/Blocstagram.app/Blocstagram";
			};
			name = Debug;
		};
		123636981A9FD02E009548B1 /* Release */ = {
			isa = XCBuildConfiguration;
			buildSettings = {
				BUNDLE_LOADER = "$(TEST_HOST)";
				FRAMEWORK_SEARCH_PATHS = (
					"$(SDKROOT)/Developer/Library/Frameworks",
					"$(inherited)",
				);
				INFOPLIST_FILE = BlocstagramTests/Info.plist;
				LD_RUNPATH_SEARCH_PATHS = "$(inherited) @executable_path/Frameworks @loader_path/Frameworks";
				PRODUCT_NAME = "$(TARGET_NAME)";
				TEST_HOST = "$(BUILT_PRODUCTS_DIR)/Blocstagram.app/Blocstagram";
			};
			name = Release;
		};
/* End XCBuildConfiguration section */

/* Begin XCConfigurationList section */
		1236366B1A9FD02E009548B1 /* Build configuration list for PBXProject "Blocstagram" */ = {
			isa = XCConfigurationList;
			buildConfigurations = (
				123636911A9FD02E009548B1 /* Debug */,
				123636921A9FD02E009548B1 /* Release */,
			);
			defaultConfigurationIsVisible = 0;
			defaultConfigurationName = Release;
		};
		123636931A9FD02E009548B1 /* Build configuration list for PBXNativeTarget "Blocstagram" */ = {
			isa = XCConfigurationList;
			buildConfigurations = (
				123636941A9FD02E009548B1 /* Debug */,
				123636951A9FD02E009548B1 /* Release */,
			);
			defaultConfigurationIsVisible = 0;
			defaultConfigurationName = Release;
		};
		123636961A9FD02E009548B1 /* Build configuration list for PBXNativeTarget "BlocstagramTests" */ = {
			isa = XCConfigurationList;
			buildConfigurations = (
				123636971A9FD02E009548B1 /* Debug */,
				123636981A9FD02E009548B1 /* Release */,
			);
			defaultConfigurationIsVisible = 0;
			defaultConfigurationName = Release;
		};
/* End XCConfigurationList section */
	};
	rootObject = 123636681A9FD02E009548B1 /* Project object */;
}
